Microsoft Visual Studio Solution File, Format Version 8.00
Project("{FAE04EC0-301F-11D3-BF4B-00C04F79EFBC}") = "SchemaCreator", "SchemaCreator\SchemaCreator.csproj", "{AF8117E5-6EA3-4ABB-B38D-A3D5A055F25A}"
	ProjectSection(ProjectDependencies) = postProject
	EndProjectSection
EndProject
Global
	GlobalSection(SolutionConfiguration) = preSolution
		Debug = Debug
		Release = Release
	EndGlobalSection
	GlobalSection(ProjectConfiguration) = postSolution
		{AF8117E5-6EA3-4ABB-B38D-A3D5A055F25A}.Debug.ActiveCfg = Debug|.NET
		{AF8117E5-6EA3-4ABB-B38D-A3D5A055F25A}.Debug.Build.0 = Debug|.NET
		{AF8117E5-6EA3-4ABB-B38D-A3D5A055F25A}.Release.ActiveCfg = Release|.NET
		{AF8117E5-6EA3-4ABB-B38D-A3D5A055F25A}.Release.Build.0 = Release|.NET
	EndGlobalSection
	GlobalSection(ExtensibilityGlobals) = postSolution
	EndGlobalSection
	GlobalSection(ExtensibilityAddIns) = postSolution
	EndGlobalSection
EndGlobal
