
Microsoft Visual Studio Solution File, Format Version 11.00
# Visual Studio 2010
Project("{FAE04EC0-301F-11D3-BF4B-00C04F79EFBC}") = "Base64wCRC32", "Base64\Base64wCRC32.csproj", "{C3497CF3-4EE1-4737-A8FE-6BD42F95C0A7}"
EndProject
Project("{FAE04EC0-301F-11D3-BF4B-00C04F79EFBC}") = "DES", "DES\DES.csproj", "{EB3CF347-0836-4408-B4E9-18DAABBAB300}"
EndProject
Project("{FAE04EC0-301F-11D3-BF4B-00C04F79EFBC}") = "Enhanced64", "Enhanced64\Enhanced64.csproj", "{1F9C01A2-CB33-4323-97BA-8AC717ECDA38}"
EndProject
Project("{FAE04EC0-301F-11D3-BF4B-00C04F79EFBC}") = "MD5_SHA1", "MD5_SHA1\MD5_SHA1.csproj", "{99DC4E09-76EF-4B4B-93BF-5B5A5D841BB2}"
EndProject
Project("{FAE04EC0-301F-11D3-BF4B-00C04F79EFBC}") = "NPKI", "NPKI\NPKI.csproj", "{61814E04-1ECB-457F-84B6-DF67B81938E0}"
EndProject
Project("{FAE04EC0-301F-11D3-BF4B-00C04F79EFBC}") = "nRSA", "nRSA\nRSA.csproj", "{38DCDC64-E02A-43E6-A305-E70C02048223}"
EndProject
Project("{FAE04EC0-301F-11D3-BF4B-00C04F79EFBC}") = "PEM", "PEM\PEM.csproj", "{C8B289C7-521C-4B2E-B57F-7D0D254505EC}"
EndProject
Project("{FAE04EC0-301F-11D3-BF4B-00C04F79EFBC}") = "nAES", "Rijndael\nAES.csproj", "{295F97AA-0313-4E82-B755-56F469B032A8}"
EndProject
Project("{FAE04EC0-301F-11D3-BF4B-00C04F79EFBC}") = "PublicKeyCS", "RSA\PublicKeyCS.csproj", "{44C10A82-0411-4D6F-A86D-B493261D3C0C}"
EndProject
Project("{FAE04EC0-301F-11D3-BF4B-00C04F79EFBC}") = "SEED", "SEED\SEED.csproj", "{DF7EB716-8BC9-4A1B-B96A-10922A5499CD}"
EndProject
Project("{FAE04EC0-301F-11D3-BF4B-00C04F79EFBC}") = "Thermidor.EnhancedSecurity", "Thermidor.EnhancedSecurity\Thermidor.EnhancedSecurity.csproj", "{33BA3A49-997D-4B65-8C8B-E9382D7775B1}"
EndProject
Project("{FAE04EC0-301F-11D3-BF4B-00C04F79EFBC}") = "TripleDES", "TripleDES\TripleDES.csproj", "{3F8E9239-8F6B-45BB-852F-5AEC567284BE}"
EndProject
Project("{FAE04EC0-301F-11D3-BF4B-00C04F79EFBC}") = "XmlDSignature", "XmlDSignature\XmlDSignature.csproj", "{343BA9B1-8909-4B6C-ADF2-71AD939E8828}"
EndProject
Project("{FAE04EC0-301F-11D3-BF4B-00C04F79EFBC}") = "MachineKey", "MachineKey\MachineKey.csproj", "{CAABC2A6-2F21-422E-93C9-7D95B106595E}"
EndProject
Project("{FAE04EC0-301F-11D3-BF4B-00C04F79EFBC}") = "NTFS", "NTFS\NTFS.csproj", "{BEC475E1-F99B-4DDF-81C6-9355A8E4B025}"
EndProject
Project("{FAE04EC0-301F-11D3-BF4B-00C04F79EFBC}") = "CRC32", "CRC32\CRC32.csproj", "{1393A16B-EBF9-4332-B51C-F9811DA6A7EC}"
EndProject
Project("{FAE04EC0-301F-11D3-BF4B-00C04F79EFBC}") = "CryptUtil", "CryptUtil\CryptUtil.csproj", "{48BC7AFA-F8FA-4588-862A-DA6B09CE080D}"
EndProject
Global
	GlobalSection(SolutionConfigurationPlatforms) = preSolution
		Debug|Any CPU = Debug|Any CPU
		Release|Any CPU = Release|Any CPU
	EndGlobalSection
	GlobalSection(ProjectConfigurationPlatforms) = postSolution
		{C3497CF3-4EE1-4737-A8FE-6BD42F95C0A7}.Debug|Any CPU.ActiveCfg = Debug|Any CPU
		{C3497CF3-4EE1-4737-A8FE-6BD42F95C0A7}.Debug|Any CPU.Build.0 = Debug|Any CPU
		{C3497CF3-4EE1-4737-A8FE-6BD42F95C0A7}.Release|Any CPU.ActiveCfg = Release|Any CPU
		{C3497CF3-4EE1-4737-A8FE-6BD42F95C0A7}.Release|Any CPU.Build.0 = Release|Any CPU
		{EB3CF347-0836-4408-B4E9-18DAABBAB300}.Debug|Any CPU.ActiveCfg = Debug|Any CPU
		{EB3CF347-0836-4408-B4E9-18DAABBAB300}.Debug|Any CPU.Build.0 = Debug|Any CPU
		{EB3CF347-0836-4408-B4E9-18DAABBAB300}.Release|Any CPU.ActiveCfg = Release|Any CPU
		{EB3CF347-0836-4408-B4E9-18DAABBAB300}.Release|Any CPU.Build.0 = Release|Any CPU
		{1F9C01A2-CB33-4323-97BA-8AC717ECDA38}.Debug|Any CPU.ActiveCfg = Debug|Any CPU
		{1F9C01A2-CB33-4323-97BA-8AC717ECDA38}.Debug|Any CPU.Build.0 = Debug|Any CPU
		{1F9C01A2-CB33-4323-97BA-8AC717ECDA38}.Release|Any CPU.ActiveCfg = Release|Any CPU
		{1F9C01A2-CB33-4323-97BA-8AC717ECDA38}.Release|Any CPU.Build.0 = Release|Any CPU
		{99DC4E09-76EF-4B4B-93BF-5B5A5D841BB2}.Debug|Any CPU.ActiveCfg = Debug|Any CPU
		{99DC4E09-76EF-4B4B-93BF-5B5A5D841BB2}.Debug|Any CPU.Build.0 = Debug|Any CPU
		{99DC4E09-76EF-4B4B-93BF-5B5A5D841BB2}.Release|Any CPU.ActiveCfg = Release|Any CPU
		{99DC4E09-76EF-4B4B-93BF-5B5A5D841BB2}.Release|Any CPU.Build.0 = Release|Any CPU
		{61814E04-1ECB-457F-84B6-DF67B81938E0}.Debug|Any CPU.ActiveCfg = Debug|Any CPU
		{61814E04-1ECB-457F-84B6-DF67B81938E0}.Debug|Any CPU.Build.0 = Debug|Any CPU
		{61814E04-1ECB-457F-84B6-DF67B81938E0}.Release|Any CPU.ActiveCfg = Release|Any CPU
		{61814E04-1ECB-457F-84B6-DF67B81938E0}.Release|Any CPU.Build.0 = Release|Any CPU
		{38DCDC64-E02A-43E6-A305-E70C02048223}.Debug|Any CPU.ActiveCfg = Debug|Any CPU
		{38DCDC64-E02A-43E6-A305-E70C02048223}.Debug|Any CPU.Build.0 = Debug|Any CPU
		{38DCDC64-E02A-43E6-A305-E70C02048223}.Release|Any CPU.ActiveCfg = Release|Any CPU
		{38DCDC64-E02A-43E6-A305-E70C02048223}.Release|Any CPU.Build.0 = Release|Any CPU
		{C8B289C7-521C-4B2E-B57F-7D0D254505EC}.Debug|Any CPU.ActiveCfg = Debug|Any CPU
		{C8B289C7-521C-4B2E-B57F-7D0D254505EC}.Debug|Any CPU.Build.0 = Debug|Any CPU
		{C8B289C7-521C-4B2E-B57F-7D0D254505EC}.Release|Any CPU.ActiveCfg = Release|Any CPU
		{C8B289C7-521C-4B2E-B57F-7D0D254505EC}.Release|Any CPU.Build.0 = Release|Any CPU
		{295F97AA-0313-4E82-B755-56F469B032A8}.Debug|Any CPU.ActiveCfg = Debug|Any CPU
		{295F97AA-0313-4E82-B755-56F469B032A8}.Debug|Any CPU.Build.0 = Debug|Any CPU
		{295F97AA-0313-4E82-B755-56F469B032A8}.Release|Any CPU.ActiveCfg = Release|Any CPU
		{295F97AA-0313-4E82-B755-56F469B032A8}.Release|Any CPU.Build.0 = Release|Any CPU
		{44C10A82-0411-4D6F-A86D-B493261D3C0C}.Debug|Any CPU.ActiveCfg = Debug|Any CPU
		{44C10A82-0411-4D6F-A86D-B493261D3C0C}.Debug|Any CPU.Build.0 = Debug|Any CPU
		{44C10A82-0411-4D6F-A86D-B493261D3C0C}.Release|Any CPU.ActiveCfg = Release|Any CPU
		{44C10A82-0411-4D6F-A86D-B493261D3C0C}.Release|Any CPU.Build.0 = Release|Any CPU
		{DF7EB716-8BC9-4A1B-B96A-10922A5499CD}.Debug|Any CPU.ActiveCfg = Debug|Any CPU
		{DF7EB716-8BC9-4A1B-B96A-10922A5499CD}.Debug|Any CPU.Build.0 = Debug|Any CPU
		{DF7EB716-8BC9-4A1B-B96A-10922A5499CD}.Release|Any CPU.ActiveCfg = Release|Any CPU
		{DF7EB716-8BC9-4A1B-B96A-10922A5499CD}.Release|Any CPU.Build.0 = Release|Any CPU
		{33BA3A49-997D-4B65-8C8B-E9382D7775B1}.Debug|Any CPU.ActiveCfg = Debug|Any CPU
		{33BA3A49-997D-4B65-8C8B-E9382D7775B1}.Debug|Any CPU.Build.0 = Debug|Any CPU
		{33BA3A49-997D-4B65-8C8B-E9382D7775B1}.Release|Any CPU.ActiveCfg = Release|Any CPU
		{33BA3A49-997D-4B65-8C8B-E9382D7775B1}.Release|Any CPU.Build.0 = Release|Any CPU
		{3F8E9239-8F6B-45BB-852F-5AEC567284BE}.Debug|Any CPU.ActiveCfg = Debug|Any CPU
		{3F8E9239-8F6B-45BB-852F-5AEC567284BE}.Debug|Any CPU.Build.0 = Debug|Any CPU
		{3F8E9239-8F6B-45BB-852F-5AEC567284BE}.Release|Any CPU.ActiveCfg = Release|Any CPU
		{3F8E9239-8F6B-45BB-852F-5AEC567284BE}.Release|Any CPU.Build.0 = Release|Any CPU
		{343BA9B1-8909-4B6C-ADF2-71AD939E8828}.Debug|Any CPU.ActiveCfg = Debug|Any CPU
		{343BA9B1-8909-4B6C-ADF2-71AD939E8828}.Debug|Any CPU.Build.0 = Debug|Any CPU
		{343BA9B1-8909-4B6C-ADF2-71AD939E8828}.Release|Any CPU.ActiveCfg = Release|Any CPU
		{343BA9B1-8909-4B6C-ADF2-71AD939E8828}.Release|Any CPU.Build.0 = Release|Any CPU
		{CAABC2A6-2F21-422E-93C9-7D95B106595E}.Debug|Any CPU.ActiveCfg = Debug|Any CPU
		{CAABC2A6-2F21-422E-93C9-7D95B106595E}.Debug|Any CPU.Build.0 = Debug|Any CPU
		{CAABC2A6-2F21-422E-93C9-7D95B106595E}.Release|Any CPU.ActiveCfg = Release|Any CPU
		{CAABC2A6-2F21-422E-93C9-7D95B106595E}.Release|Any CPU.Build.0 = Release|Any CPU
		{BEC475E1-F99B-4DDF-81C6-9355A8E4B025}.Debug|Any CPU.ActiveCfg = Debug|Any CPU
		{BEC475E1-F99B-4DDF-81C6-9355A8E4B025}.Debug|Any CPU.Build.0 = Debug|Any CPU
		{BEC475E1-F99B-4DDF-81C6-9355A8E4B025}.Release|Any CPU.ActiveCfg = Release|Any CPU
		{BEC475E1-F99B-4DDF-81C6-9355A8E4B025}.Release|Any CPU.Build.0 = Release|Any CPU
		{1393A16B-EBF9-4332-B51C-F9811DA6A7EC}.Debug|Any CPU.ActiveCfg = Debug|Any CPU
		{1393A16B-EBF9-4332-B51C-F9811DA6A7EC}.Debug|Any CPU.Build.0 = Debug|Any CPU
		{1393A16B-EBF9-4332-B51C-F9811DA6A7EC}.Release|Any CPU.ActiveCfg = Release|Any CPU
		{1393A16B-EBF9-4332-B51C-F9811DA6A7EC}.Release|Any CPU.Build.0 = Release|Any CPU
		{48BC7AFA-F8FA-4588-862A-DA6B09CE080D}.Debug|Any CPU.ActiveCfg = Debug|Any CPU
		{48BC7AFA-F8FA-4588-862A-DA6B09CE080D}.Debug|Any CPU.Build.0 = Debug|Any CPU
		{48BC7AFA-F8FA-4588-862A-DA6B09CE080D}.Release|Any CPU.ActiveCfg = Release|Any CPU
		{48BC7AFA-F8FA-4588-862A-DA6B09CE080D}.Release|Any CPU.Build.0 = Release|Any CPU
	EndGlobalSection
	GlobalSection(SolutionProperties) = preSolution
		HideSolutionNode = FALSE
	EndGlobalSection
EndGlobal
