Microsoft Visual Studio Solution File, Format Version 8.00
Project("{FAE04EC0-301F-11D3-BF4B-00C04F79EFBC}") = "MSMQController", "MSMQController.csproj", "{8B0C7E00-B16B-4BE2-8E21-279C8C188DC5}"
	ProjectSection(ProjectDependencies) = postProject
	EndProjectSection
EndProject
Global
	GlobalSection(SolutionConfiguration) = preSolution
		Debug = Debug
		Release = Release
	EndGlobalSection
	GlobalSection(ProjectConfiguration) = postSolution
		{8B0C7E00-B16B-4BE2-8E21-279C8C188DC5}.Debug.ActiveCfg = Debug|.NET
		{8B0C7E00-B16B-4BE2-8E21-279C8C188DC5}.Debug.Build.0 = Debug|.NET
		{8B0C7E00-B16B-4BE2-8E21-279C8C188DC5}.Release.ActiveCfg = Release|.NET
		{8B0C7E00-B16B-4BE2-8E21-279C8C188DC5}.Release.Build.0 = Release|.NET
	EndGlobalSection
	GlobalSection(ExtensibilityGlobals) = postSolution
	EndGlobalSection
	GlobalSection(ExtensibilityAddIns) = postSolution
	EndGlobalSection
EndGlobal
